
Microsoft Visual Studio Solution File, Format Version 12.00
# Visual Studio Version 17
VisualStudioVersion = 17.3.32811.315
MinimumVisualStudioVersion = 10.0.40219.1
Project("{9A19103F-16F7-4668-BE54-9A1E7A4F7556}") = "PixyDeltaApi", "PixyDeltaApi.csproj", "{6AC9C04C-09BD-48AE-B797-B3F74A186D18}"
EndProject
Global
	GlobalSection(SolutionConfigurationPlatforms) = preSolution
		Debug|Any CPU = Debug|Any CPU
		Release|Any CPU = Release|Any CPU
	EndGlobalSection
	GlobalSection(ProjectConfigurationPlatforms) = postSolution
		{6AC9C04C-09BD-48AE-B797-B3F74A186D18}.Debug|Any CPU.ActiveCfg = Debug|Any CPU
		{6AC9C04C-09BD-48AE-B797-B3F74A186D18}.Debug|Any CPU.Build.0 = Debug|Any CPU
		{6AC9C04C-09BD-48AE-B797-B3F74A186D18}.Release|Any CPU.ActiveCfg = Release|Any CPU
		{6AC9C04C-09BD-48AE-B797-B3F74A186D18}.Release|Any CPU.Build.0 = Release|Any CPU
	EndGlobalSection
	GlobalSection(SolutionProperties) = preSolution
		HideSolutionNode = FALSE
	EndGlobalSection
	GlobalSection(ExtensibilityGlobals) = postSolution
		SolutionGuid = {0DB162A1-C19F-4A94-9019-383222CE834B}
	EndGlobalSection
EndGlobal
